
Microsoft Visual Studio Solution File, Format Version 12.00
# Visual Studio Version 17
VisualStudioVersion = 17.10.35013.160
MinimumVisualStudioVersion = 10.0.40219.1
Project("{FAE04EC0-301F-11D3-BF4B-00C04F79EFBC}") = "WorkingWithSortedDictionary", "WorkingWithSortedDictionary.csproj", "{ED10CC41-86A5-4ED3-89AB-E01BB1571DF3}"
EndProject
Global
	GlobalSection(SolutionConfigurationPlatforms) = preSolution
		Debug|Any CPU = Debug|Any CPU
		Release|Any CPU = Release|Any CPU
	EndGlobalSection
	GlobalSection(ProjectConfigurationPlatforms) = postSolution
		{ED10CC41-86A5-4ED3-89AB-E01BB1571DF3}.Debug|Any CPU.ActiveCfg = Debug|Any CPU
		{ED10CC41-86A5-4ED3-89AB-E01BB1571DF3}.Debug|Any CPU.Build.0 = Debug|Any CPU
		{ED10CC41-86A5-4ED3-89AB-E01BB1571DF3}.Release|Any CPU.ActiveCfg = Release|Any CPU
		{ED10CC41-86A5-4ED3-89AB-E01BB1571DF3}.Release|Any CPU.Build.0 = Release|Any CPU
	EndGlobalSection
	GlobalSection(SolutionProperties) = preSolution
		HideSolutionNode = FALSE
	EndGlobalSection
	GlobalSection(ExtensibilityGlobals) = postSolution
		SolutionGuid = {CF6A5702-CA6C-42B4-890E-654E06288A48}
	EndGlobalSection
EndGlobal
