
Microsoft Visual Studio Solution File, Format Version 12.00
# Visual Studio Version 17
VisualStudioVersion = 17.10.35013.160
MinimumVisualStudioVersion = 10.0.40219.1
Project("{FAE04EC0-301F-11D3-BF4B-00C04F79EFBC}") = "WorkingWithBitArray", "WorkingWithBitArray.csproj", "{EABADE4A-36FB-40E6-A99D-A8659A0DEA2E}"
EndProject
Global
	GlobalSection(SolutionConfigurationPlatforms) = preSolution
		Debug|Any CPU = Debug|Any CPU
		Release|Any CPU = Release|Any CPU
	EndGlobalSection
	GlobalSection(ProjectConfigurationPlatforms) = postSolution
		{EABADE4A-36FB-40E6-A99D-A8659A0DEA2E}.Debug|Any CPU.ActiveCfg = Debug|Any CPU
		{EABADE4A-36FB-40E6-A99D-A8659A0DEA2E}.Debug|Any CPU.Build.0 = Debug|Any CPU
		{EABADE4A-36FB-40E6-A99D-A8659A0DEA2E}.Release|Any CPU.ActiveCfg = Release|Any CPU
		{EABADE4A-36FB-40E6-A99D-A8659A0DEA2E}.Release|Any CPU.Build.0 = Release|Any CPU
	EndGlobalSection
	GlobalSection(SolutionProperties) = preSolution
		HideSolutionNode = FALSE
	EndGlobalSection
	GlobalSection(ExtensibilityGlobals) = postSolution
		SolutionGuid = {178B222A-0928-4637-8888-6CF0E3B553EE}
	EndGlobalSection
EndGlobal
